// !$*UTF8*$!
{
	archiveVersion = 1;
	classes = {
	};
	objectVersion = 56;
	objects = {

/* Begin PBXBuildFile section */
		FD2DB27C2A16685F00F56CCA /* AppDelegate.swift in Sources */ = {isa = PBXBuildFile; fileRef = FD2DB27B2A16685F00F56CCA /* AppDelegate.swift */; };
		FD2DB27E2A16685F00F56CCA /* SceneDelegate.swift in Sources */ = {isa = PBXBuildFile; fileRef = FD2DB27D2A16685F00F56CCA /* SceneDelegate.swift */; };
		FD2DB2802A16685F00F56CCA /* ViewController.swift in Sources */ = {isa = PBXBuildFile; fileRef = FD2DB27F2A16685F00F56CCA /* ViewController.swift */; };
		FD2DB2832A16685F00F56CCA /* Main.storyboard in Resources */ = {isa = PBXBuildFile; fileRef = FD2DB2812A16685F00F56CCA /* Main.storyboard */; };
		FD2DB2852A16686000F56CCA /* Assets.xcassets in Resources */ = {isa = PBXBuildFile; fileRef = FD2DB2842A16686000F56CCA /* Assets.xcassets */; };
		FD2DB2882A16686000F56CCA /* LaunchScreen.storyboard in Resources */ = {isa = PBXBuildFile; fileRef = FD2DB2862A16686000F56CCA /* LaunchScreen.storyboard */; };
		FD2DB2932A16686000F56CCA /* CounterTests.swift in Sources */ = {isa = PBXBuildFile; fileRef = FD2DB2922A16686000F56CCA /* CounterTests.swift */; };
		FD2DB29D2A16686000F56CCA /* CounterUITests.swift in Sources */ = {isa = PBXBuildFile; fileRef = FD2DB29C2A16686000F56CCA /* CounterUITests.swift */; };
		FD2DB29F2A16686000F56CCA /* CounterUITestsLaunchTests.swift in Sources */ = {isa = PBXBuildFile; fileRef = FD2DB29E2A16686000F56CCA /* CounterUITestsLaunchTests.swift */; };
/* End PBXBuildFile section */

/* Begin PBXContainerItemProxy section */
		FD2DB28F2A16686000F56CCA /* PBXContainerItemProxy */ = {
			isa = PBXContainerItemProxy;
			containerPortal = FD2DB2702A16685F00F56CCA /* Project object */;
			proxyType = 1;
			remoteGlobalIDString = FD2DB2772A16685F00F56CCA;
			remoteInfo = Counter;
		};
		FD2DB2992A16686000F56CCA /* PBXContainerItemProxy */ = {
			isa = PBXContainerItemProxy;
			containerPortal = FD2DB2702A16685F00F56CCA /* Project object */;
			proxyType = 1;
			remoteGlobalIDString = FD2DB2772A16685F00F56CCA;
			remoteInfo = Counter;
		};
/* End PBXContainerItemProxy section */

/* Begin PBXFileReference section */
		FD2DB2782A16685F00F56CCA /* Counter.app */ = {isa = PBXFileReference; explicitFileType = wrapper.application; includeInIndex = 0; path = Counter.app; sourceTree = BUILT_PRODUCTS_DIR; };
		FD2DB27B2A16685F00F56CCA /* AppDelegate.swift */ = {isa = PBXFileReference; lastKnownFileType = sourcecode.swift; path = AppDelegate.swift; sourceTree = "<group>"; };
		FD2DB27D2A16685F00F56CCA /* SceneDelegate.swift */ = {isa = PBXFileReference; lastKnownFileType = sourcecode.swift; path = SceneDelegate.swift; sourceTree = "<group>"; };
		FD2DB27F2A16685F00F56CCA /* ViewController.swift */ = {isa = PBXFileReference; lastKnownFileType = sourcecode.swift; path = ViewController.swift; sourceTree = "<group>"; };
		FD2DB2822A16685F00F56CCA /* Base */ = {isa = PBXFileReference; lastKnownFileType = file.storyboard; name = Base; path = Base.lproj/Main.storyboard; sourceTree = "<group>"; };
		FD2DB2842A16686000F56CCA /* Assets.xcassets */ = {isa = PBXFileReference; lastKnownFileType = folder.assetcatalog; path = Assets.xcassets; sourceTree = "<group>"; };
		FD2DB2872A16686000F56CCA /* Base */ = {isa = PBXFileReference; lastKnownFileType = file.storyboard; name = Base; path = Base.lproj/LaunchScreen.storyboard; sourceTree = "<group>"; };
		FD2DB2892A16686000F56CCA /* Info.plist */ = {isa = PBXFileReference; lastKnownFileType = text.plist.xml; path = Info.plist; sourceTree = "<group>"; };
		FD2DB28E2A16686000F56CCA /* CounterTests.xctest */ = {isa = PBXFileReference; explicitFileType = wrapper.cfbundle; includeInIndex = 0; path = CounterTests.xctest; sourceTree = BUILT_PRODUCTS_DIR; };
		FD2DB2922A16686000F56CCA /* CounterTests.swift */ = {isa = PBXFileReference; lastKnownFileType = sourcecode.swift; path = CounterTests.swift; sourceTree = "<group>"; };
		FD2DB2982A16686000F56CCA /* CounterUITests.xctest */ = {isa = PBXFileReference; explicitFileType = wrapper.cfbundle; includeInIndex = 0; path = CounterUITests.xctest; sourceTree = BUILT_PRODUCTS_DIR; };
		FD2DB29C2A16686000F56CCA /* CounterUITests.swift */ = {isa = PBXFileReference; lastKnownFileType = sourcecode.swift; path = CounterUITests.swift; sourceTree = "<group>"; };
		FD2DB29E2A16686000F56CCA /* CounterUITestsLaunchTests.swift */ = {isa = PBXFileReference; lastKnownFileType = sourcecode.swift; path = CounterUITestsLaunchTests.swift; sourceTree = "<group>"; };
/* End PBXFileReference section */

/* Begin PBXFrameworksBuildPhase section */
		FD2DB2752A16685F00F56CCA /* Frameworks */ = {
			isa = PBXFrameworksBuildPhase;
			buildActionMask = 2147483647;
			files = (
			);
			runOnlyForDeploymentPostprocessing = 0;
		};
		FD2DB28B2A16686000F56CCA /* Frameworks */ = {
			isa = PBXFrameworksBuildPhase;
			buildActionMask = 2147483647;
			files = (
			);
			runOnlyForDeploymentPostprocessing = 0;
		};
		FD2DB2952A16686000F56CCA /* Frameworks */ = {
			isa = PBXFrameworksBuildPhase;
			buildActionMask = 2147483647;
			files = (
			);
			runOnlyForDeploymentPostprocessing = 0;
		};
/* End PBXFrameworksBuildPhase section */

/* Begin PBXGroup section */
		FD2DB26F2A16685F00F56CCA = {
			isa = PBXGroup;
			children = (
				FD2DB27A2A16685F00F56CCA /* Counter */,
				FD2DB2912A16686000F56CCA /* CounterTests */,
				FD2DB29B2A16686000F56CCA /* CounterUITests */,
				FD2DB2792A16685F00F56CCA /* Products */,
			);
			sourceTree = "<group>";
		};
		FD2DB2792A16685F00F56CCA /* Products */ = {
			isa = PBXGroup;
			children = (
				FD2DB2782A16685F00F56CCA /* Counter.app */,
				FD2DB28E2A16686000F56CCA /* CounterTests.xctest */,
				FD2DB2982A16686000F56CCA /* CounterUITests.xctest */,
			);
			name = Products;
			sourceTree = "<group>";
		};
		FD2DB27A2A16685F00F56CCA /* Counter */ = {
			isa = PBXGroup;
			children = (
				FD2DB27B2A16685F00F56CCA /* AppDelegate.swift */,
				FD2DB27D2A16685F00F56CCA /* SceneDelegate.swift */,
				FD2DB27F2A16685F00F56CCA /* ViewController.swift */,
				FD2DB2812A16685F00F56CCA /* Main.storyboard */,
				FD2DB2842A16686000F56CCA /* Assets.xcassets */,
				FD2DB2862A16686000F56CCA /* LaunchScreen.storyboard */,
				FD2DB2892A16686000F56CCA /* Info.plist */,
			);
			path = Counter;
			sourceTree = "<group>";
		};
		FD2DB2912A16686000F56CCA /* CounterTests */ = {
			isa = PBXGroup;
			children = (
				FD2DB2922A16686000F56CCA /* CounterTests.swift */,
			);
			path = CounterTests;
			sourceTree = "<group>";
		};
		FD2DB29B2A16686000F56CCA /* CounterUITests */ = {
			isa = PBXGroup;
			children = (
				FD2DB29C2A16686000F56CCA /* CounterUITests.swift */,
				FD2DB29E2A16686000F56CCA /* CounterUITestsLaunchTests.swift */,
			);
			path = CounterUITests;
			sourceTree = "<group>";
		};
/* End PBXGroup section */

/* Begin PBXNativeTarget section */
		FD2DB2772A16685F00F56CCA /* Counter */ = {
			isa = PBXNativeTarget;
			buildConfigurationList = FD2DB2A22A16686000F56CCA /* Build configuration list for PBXNativeTarget "Counter" */;
			buildPhases = (
				FD2DB2742A16685F00F56CCA /* Sources */,
				FD2DB2752A16685F00F56CCA /* Frameworks */,
				FD2DB2762A16685F00F56CCA /* Resources */,
			);
			buildRules = (
			);
			dependencies = (
			);
			name = Counter;
			productName = Counter;
			productReference = FD2DB2782A16685F00F56CCA /* Counter.app */;
			productType = "com.apple.product-type.application";
		};
		FD2DB28D2A16686000F56CCA /* CounterTests */ = {
			isa = PBXNativeTarget;
			buildConfigurationList = FD2DB2A52A16686000F56CCA /* Build configuration list for PBXNativeTarget "CounterTests" */;
			buildPhases = (
				FD2DB28A2A16686000F56CCA /* Sources */,
				FD2DB28B2A16686000F56CCA /* Frameworks */,
				FD2DB28C2A16686000F56CCA /* Resources */,
			);
			buildRules = (
			);
			dependencies = (
				FD2DB2902A16686000F56CCA /* PBXTargetDependency */,
			);
			name = CounterTests;
			productName = CounterTests;
			productReference = FD2DB28E2A16686000F56CCA /* CounterTests.xctest */;
			productType = "com.apple.product-type.bundle.unit-test";
		};
		FD2DB2972A16686000F56CCA /* CounterUITests */ = {
			isa = PBXNativeTarget;
			buildConfigurationList = FD2DB2A82A16686000F56CCA /* Build configuration list for PBXNativeTarget "CounterUITests" */;
			buildPhases = (
				FD2DB2942A16686000F56CCA /* Sources */,
				FD2DB2952A16686000F56CCA /* Frameworks */,
				FD2DB2962A16686000F56CCA /* Resources */,
			);
			buildRules = (
			);
			dependencies = (
				FD2DB29A2A16686000F56CCA /* PBXTargetDependency */,
			);
			name = CounterUITests;
			productName = CounterUITests;
			productReference = FD2DB2982A16686000F56CCA /* CounterUITests.xctest */;
			productType = "com.apple.product-type.bundle.ui-testing";
		};
/* End PBXNativeTarget section */

/* Begin PBXProject section */
		FD2DB2702A16685F00F56CCA /* Project object */ = {
			isa = PBXProject;
			attributes = {
				BuildIndependentTargetsInParallel = 1;
				LastSwiftUpdateCheck = 1420;
				LastUpgradeCheck = 1420;
				TargetAttributes = {
					FD2DB2772A16685F00F56CCA = {
						CreatedOnToolsVersion = 14.2;
					};
					FD2DB28D2A16686000F56CCA = {
						CreatedOnToolsVersion = 14.2;
						TestTargetID = FD2DB2772A16685F00F56CCA;
					};
					FD2DB2972A16686000F56CCA = {
						CreatedOnToolsVersion = 14.2;
						TestTargetID = FD2DB2772A16685F00F56CCA;
					};
				};
			};
			buildConfigurationList = FD2DB2732A16685F00F56CCA /* Build configuration list for PBXProject "Counter" */;
			compatibilityVersion = "Xcode 14.0";
			developmentRegion = en;
			hasScannedForEncodings = 0;
			knownRegions = (
				en,
				Base,
			);
			mainGroup = FD2DB26F2A16685F00F56CCA;
			productRefGroup = FD2DB2792A16685F00F56CCA /* Products */;
			projectDirPath = "";
			projectRoot = "";
			targets = (
				FD2DB2772A16685F00F56CCA /* Counter */,
				FD2DB28D2A16686000F56CCA /* CounterTests */,
				FD2DB2972A16686000F56CCA /* CounterUITests */,
			);
		};
/* End PBXProject section */

/* Begin PBXResourcesBuildPhase section */
		FD2DB2762A16685F00F56CCA /* Resources */ = {
			isa = PBXResourcesBuildPhase;
			buildActionMask = 2147483647;
			files = (
				FD2DB2882A16686000F56CCA /* LaunchScreen.storyboard in Resources */,
				FD2DB2852A16686000F56CCA /* Assets.xcassets in Resources */,
				FD2DB2832A16685F00F56CCA /* Main.storyboard in Resources */,
			);
			runOnlyForDeploymentPostprocessing = 0;
		};
		FD2DB28C2A16686000F56CCA /* Resources */ = {
			isa = PBXResourcesBuildPhase;
			buildActionMask = 2147483647;
			files = (
			);
			runOnlyForDeploymentPostprocessing = 0;
		};
		FD2DB2962A16686000F56CCA /* Resources */ = {
			isa = PBXResourcesBuildPhase;
			buildActionMask = 2147483647;
			files = (
			);
			runOnlyForDeploymentPostprocessing = 0;
		};
/* End PBXResourcesBuildPhase section */

/* Begin PBXSourcesBuildPhase section */
		FD2DB2742A16685F00F56CCA /* Sources */ = {
			isa = PBXSourcesBuildPhase;
			buildActionMask = 2147483647;
			files = (
				FD2DB2802A16685F00F56CCA /* ViewController.swift in Sources */,
				FD2DB27C2A16685F00F56CCA /* AppDelegate.swift in Sources */,
				FD2DB27E2A16685F00F56CCA /* SceneDelegate.swift in Sources */,
			);
			runOnlyForDeploymentPostprocessing = 0;
		};
		FD2DB28A2A16686000F56CCA /* Sources */ = {
			isa = PBXSourcesBuildPhase;
			buildActionMask = 2147483647;
			files = (
				FD2DB2932A16686000F56CCA /* CounterTests.swift in Sources */,
			);
			runOnlyForDeploymentPostprocessing = 0;
		};
		FD2DB2942A16686000F56CCA /* Sources */ = {
			isa = PBXSourcesBuildPhase;
			buildActionMask = 2147483647;
			files = (
				FD2DB29D2A16686000F56CCA /* CounterUITests.swift in Sources */,
				FD2DB29F2A16686000F56CCA /* CounterUITestsLaunchTests.swift in Sources */,
			);
			runOnlyForDeploymentPostprocessing = 0;
		};
/* End PBXSourcesBuildPhase section */

/* Begin PBXTargetDependency section */
		FD2DB2902A16686000F56CCA /* PBXTargetDependency */ = {
			isa = PBXTargetDependency;
			target = FD2DB2772A16685F00F56CCA /* Counter */;
			targetProxy = FD2DB28F2A16686000F56CCA /* PBXContainerItemProxy */;
		};
		FD2DB29A2A16686000F56CCA /* PBXTargetDependency */ = {
			isa = PBXTargetDependency;
			target = FD2DB2772A16685F00F56CCA /* Counter */;
			targetProxy = FD2DB2992A16686000F56CCA /* PBXContainerItemProxy */;
		};
/* End PBXTargetDependency section */

/* Begin PBXVariantGroup section */
		FD2DB2812A16685F00F56CCA /* Main.storyboard */ = {
			isa = PBXVariantGroup;
			children = (
				FD2DB2822A16685F00F56CCA /* Base */,
			);
			name = Main.storyboard;
			sourceTree = "<group>";
		};
		FD2DB2862A16686000F56CCA /* LaunchScreen.storyboard */ = {
			isa = PBXVariantGroup;
			children = (
				FD2DB2872A16686000F56CCA /* Base */,
			);
			name = LaunchScreen.storyboard;
			sourceTree = "<group>";
		};
/* End PBXVariantGroup section */

/* Begin XCBuildConfiguration section */
		FD2DB2A02A16686000F56CCA /* Debug */ = {
			isa = XCBuildConfiguration;
			buildSettings = {
				ALWAYS_SEARCH_USER_PATHS = NO;
				CLANG_ANALYZER_NONNULL = YES;
				CLANG_ANALYZER_NUMBER_OBJECT_CONVERSION = YES_AGGRESSIVE;
				CLANG_CXX_LANGUAGE_STANDARD = "gnu++20";
				CLANG_ENABLE_MODULES = YES;
				CLANG_ENABLE_OBJC_ARC = YES;
				CLANG_ENABLE_OBJC_WEAK = YES;
				CLANG_WARN_BLOCK_CAPTURE_AUTORELEASING = YES;
				CLANG_WARN_BOOL_CONVERSION = YES;
				CLANG_WARN_COMMA = YES;
				CLANG_WARN_CONSTANT_CONVERSION = YES;
				CLANG_WARN_DEPRECATED_OBJC_IMPLEMENTATIONS = YES;
				CLANG_WARN_DIRECT_OBJC_ISA_USAGE = YES_ERROR;
				CLANG_WARN_DOCUMENTATION_COMMENTS = YES;
				CLANG_WARN_EMPTY_BODY = YES;
				CLANG_WARN_ENUM_CONVERSION = YES;
				CLANG_WARN_INFINITE_RECURSION = YES;
				CLANG_WARN_INT_CONVERSION = YES;
				CLANG_WARN_NON_LITERAL_NULL_CONVERSION = YES;
				CLANG_WARN_OBJC_IMPLICIT_RETAIN_SELF = YES;
				CLANG_WARN_OBJC_LITERAL_CONVERSION = YES;
				CLANG_WARN_OBJC_ROOT_CLASS = YES_ERROR;
				CLANG_WARN_QUOTED_INCLUDE_IN_FRAMEWORK_HEADER = YES;
				CLANG_WARN_RANGE_LOOP_ANALYSIS = YES;
				CLANG_WARN_STRICT_PROTOTYPES = YES;
				CLANG_WARN_SUSPICIOUS_MOVE = YES;
				CLANG_WARN_UNGUARDED_AVAILABILITY = YES_AGGRESSIVE;
				CLANG_WARN_UNREACHABLE_CODE = YES;
				CLANG_WARN__DUPLICATE_METHOD_MATCH = YES;
				COPY_PHASE_STRIP = NO;
				DEBUG_INFORMATION_FORMAT = dwarf;
				ENABLE_STRICT_OBJC_MSGSEND = YES;
				ENABLE_TESTABILITY = YES;
				GCC_C_LANGUAGE_STANDARD = gnu11;
				GCC_DYNAMIC_NO_PIC = NO;
				GCC_NO_COMMON_BLOCKS = YES;
				GCC_OPTIMIZATION_LEVEL = 0;
				GCC_PREPROCESSOR_DEFINITIONS = (
					"DEBUG=1",
					"$(inherited)",
				);
				GCC_WARN_64_TO_32_BIT_CONVERSION = YES;
				GCC_WARN_ABOUT_RETURN_TYPE = YES_ERROR;
				GCC_WARN_UNDECLARED_SELECTOR = YES;
				GCC_WARN_UNINITIALIZED_AUTOS = YES_AGGRESSIVE;
				GCC_WARN_UNUSED_FUNCTION = YES;
				GCC_WARN_UNUSED_VARIABLE = YES;
				IPHONEOS_DEPLOYMENT_TARGET = 16.2;
				MTL_ENABLE_DEBUG_INFO = INCLUDE_SOURCE;
				MTL_FAST_MATH = YES;
				ONLY_ACTIVE_ARCH = YES;
				SDKROOT = iphoneos;
				SWIFT_ACTIVE_COMPILATION_CONDITIONS = DEBUG;
				SWIFT_OPTIMIZATION_LEVEL = "-Onone";
			};
			name = Debug;
		};
		FD2DB2A12A16686000F56CCA /* Release */ = {
			isa = XCBuildConfiguration;
			buildSettings = {
				ALWAYS_SEARCH_USER_PATHS = NO;
				CLANG_ANALYZER_NONNULL = YES;
				CLANG_ANALYZER_NUMBER_OBJECT_CONVERSION = YES_AGGRESSIVE;
				CLANG_CXX_LANGUAGE_STANDARD = "gnu++20";
				CLANG_ENABLE_MODULES = YES;
				CLANG_ENABLE_OBJC_ARC = YES;
				CLANG_ENABLE_OBJC_WEAK = YES;
				CLANG_WARN_BLOCK_CAPTURE_AUTORELEASING = YES;
				CLANG_WARN_BOOL_CONVERSION = YES;
				CLANG_WARN_COMMA = YES;
				CLANG_WARN_CONSTANT_CONVERSION = YES;
				CLANG_WARN_DEPRECATED_OBJC_IMPLEMENTATIONS = YES;
				CLANG_WARN_DIRECT_OBJC_ISA_USAGE = YES_ERROR;
				CLANG_WARN_DOCUMENTATION_COMMENTS = YES;
				CLANG_WARN_EMPTY_BODY = YES;
				CLANG_WARN_ENUM_CONVERSION = YES;
				CLANG_WARN_INFINITE_RECURSION = YES;
				CLANG_WARN_INT_CONVERSION = YES;
				CLANG_WARN_NON_LITERAL_NULL_CONVERSION = YES;
				CLANG_WARN_OBJC_IMPLICIT_RETAIN_SELF = YES;
				CLANG_WARN_OBJC_LITERAL_CONVERSION = YES;
				CLANG_WARN_OBJC_ROOT_CLASS = YES_ERROR;
				CLANG_WARN_QUOTED_INCLUDE_IN_FRAMEWORK_HEADER = YES;
				CLANG_WARN_RANGE_LOOP_ANALYSIS = YES;
				CLANG_WARN_STRICT_PROTOTYPES = YES;
				CLANG_WARN_SUSPICIOUS_MOVE = YES;
				CLANG_WARN_UNGUARDED_AVAILABILITY = YES_AGGRESSIVE;
				CLANG_WARN_UNREACHABLE_CODE = YES;
				CLANG_WARN__DUPLICATE_METHOD_MATCH = YES;
				COPY_PHASE_STRIP = NO;
				DEBUG_INFORMATION_FORMAT = "dwarf-with-dsym";
				ENABLE_NS_ASSERTIONS = NO;
				ENABLE_STRICT_OBJC_MSGSEND = YES;
				GCC_C_LANGUAGE_STANDARD = gnu11;
				GCC_NO_COMMON_BLOCKS = YES;
				GCC_WARN_64_TO_32_BIT_CONVERSION = YES;
				GCC_WARN_ABOUT_RETURN_TYPE = YES_ERROR;
				GCC_WARN_UNDECLARED_SELECTOR = YES;
				GCC_WARN_UNINITIALIZED_AUTOS = YES_AGGRESSIVE;
				GCC_WARN_UNUSED_FUNCTION = YES;
				GCC_WARN_UNUSED_VARIABLE = YES;
				IPHONEOS_DEPLOYMENT_TARGET = 16.2;
				MTL_ENABLE_DEBUG_INFO = NO;
				MTL_FAST_MATH = YES;
				SDKROOT = iphoneos;
				SWIFT_COMPILATION_MODE = wholemodule;
				SWIFT_OPTIMIZATION_LEVEL = "-O";
				VALIDATE_PRODUCT = YES;
			};
			name = Release;
		};
		FD2DB2A32A16686000F56CCA /* Debug */ = {
			isa = XCBuildConfiguration;
			buildSettings = {
				ASSETCATALOG_COMPILER_APPICON_NAME = AppIcon;
				ASSETCATALOG_COMPILER_GLOBAL_ACCENT_COLOR_NAME = AccentColor;
				CODE_SIGN_STYLE = Automatic;
				CURRENT_PROJECT_VERSION = 1;
				DEVELOPMENT_TEAM = 4PHSLA8XUS;
				GENERATE_INFOPLIST_FILE = YES;
				INFOPLIST_FILE = Counter/Info.plist;
				INFOPLIST_KEY_UIApplicationSupportsIndirectInputEvents = YES;
				INFOPLIST_KEY_UILaunchStoryboardName = LaunchScreen;
				INFOPLIST_KEY_UIMainStoryboardFile = Main;
				INFOPLIST_KEY_UISupportedInterfaceOrientations_iPad = "UIInterfaceOrientationPortrait UIInterfaceOrientationPortraitUpsideDown UIInterfaceOrientationLandscapeLeft UIInterfaceOrientationLandscapeRight";
				INFOPLIST_KEY_UISupportedInterfaceOrientations_iPhone = "UIInterfaceOrientationPortrait UIInterfaceOrientationLandscapeLeft UIInterfaceOrientationLandscapeRight";
				LD_RUNPATH_SEARCH_PATHS = (
					"$(inherited)",
					"@executable_path/Frameworks",
				);
				MARKETING_VERSION = 1.0;
				PRODUCT_BUNDLE_IDENTIFIER = com.myNameIsRuin.Counter;
				PRODUCT_NAME = "$(TARGET_NAME)";
				SWIFT_EMIT_LOC_STRINGS = YES;
				SWIFT_VERSION = 5.0;
				TARGETED_DEVICE_FAMILY = "1,2";
			};
			name = Debug;
		};
		FD2DB2A42A16686000F56CCA /* Release */ = {
			isa = XCBuildConfiguration;
			buildSettings = {
				ASSETCATALOG_COMPILER_APPICON_NAME = AppIcon;
				ASSETCATALOG_COMPILER_GLOBAL_ACCENT_COLOR_NAME = AccentColor;
				CODE_SIGN_STYLE = Automatic;
				CURRENT_PROJECT_VERSION = 1;
				DEVELOPMENT_TEAM = 4PHSLA8XUS;
				GENERATE_INFOPLIST_FILE = YES;
				INFOPLIST_FILE = Counter/Info.plist;
				INFOPLIST_KEY_UIApplicationSupportsIndirectInputEvents = YES;
				INFOPLIST_KEY_UILaunchStoryboardName = LaunchScreen;
				INFOPLIST_KEY_UIMainStoryboardFile = Main;
				INFOPLIST_KEY_UISupportedInterfaceOrientations_iPad = "UIInterfaceOrientationPortrait UIInterfaceOrientationPortraitUpsideDown UIInterfaceOrientationLandscapeLeft UIInterfaceOrientationLandscapeRight";
				INFOPLIST_KEY_UISupportedInterfaceOrientations_iPhone = "UIInterfaceOrientationPortrait UIInterfaceOrientationLandscapeLeft UIInterfaceOrientationLandscapeRight";
				LD_RUNPATH_SEARCH_PATHS = (
					"$(inherited)",
					"@executable_path/Frameworks",
				);
				MARKETING_VERSION = 1.0;
				PRODUCT_BUNDLE_IDENTIFIER = com.myNameIsRuin.Counter;
				PRODUCT_NAME = "$(TARGET_NAME)";
				SWIFT_EMIT_LOC_STRINGS = YES;
				SWIFT_VERSION = 5.0;
				TARGETED_DEVICE_FAMILY = "1,2";
			};
			name = Release;
		};
		FD2DB2A62A16686000F56CCA /* Debug */ = {
			isa = XCBuildConfiguration;
			buildSettings = {
				ALWAYS_EMBED_SWIFT_STANDARD_LIBRARIES = YES;
				BUNDLE_LOADER = "$(TEST_HOST)";
				CODE_SIGN_STYLE = Automatic;
				CURRENT_PROJECT_VERSION = 1;
				DEVELOPMENT_TEAM = 4PHSLA8XUS;
				GENERATE_INFOPLIST_FILE = YES;
				IPHONEOS_DEPLOYMENT_TARGET = 16.2;
				MARKETING_VERSION = 1.0;
				PRODUCT_BUNDLE_IDENTIFIER = com.myNameIsRuin.CounterTests;
				PRODUCT_NAME = "$(TARGET_NAME)";
				SWIFT_EMIT_LOC_STRINGS = NO;
				SWIFT_VERSION = 5.0;
				TARGETED_DEVICE_FAMILY = "1,2";
				TEST_HOST = "$(BUILT_PRODUCTS_DIR)/Counter.app/$(BUNDLE_EXECUTABLE_FOLDER_PATH)/Counter";
			};
			name = Debug;
		};
		FD2DB2A72A16686000F56CCA /* Release */ = {
			isa = XCBuildConfiguration;
			buildSettings = {
				ALWAYS_EMBED_SWIFT_STANDARD_LIBRARIES = YES;
				BUNDLE_LOADER = "$(TEST_HOST)";
				CODE_SIGN_STYLE = Automatic;
				CURRENT_PROJECT_VERSION = 1;
				DEVELOPMENT_TEAM = 4PHSLA8XUS;
				GENERATE_INFOPLIST_FILE = YES;
				IPHONEOS_DEPLOYMENT_TARGET = 16.2;
				MARKETING_VERSION = 1.0;
				PRODUCT_BUNDLE_IDENTIFIER = com.myNameIsRuin.CounterTests;
				PRODUCT_NAME = "$(TARGET_NAME)";
				SWIFT_EMIT_LOC_STRINGS = NO;
				SWIFT_VERSION = 5.0;
				TARGETED_DEVICE_FAMILY = "1,2";
				TEST_HOST = "$(BUILT_PRODUCTS_DIR)/Counter.app/$(BUNDLE_EXECUTABLE_FOLDER_PATH)/Counter";
			};
			name = Release;
		};
		FD2DB2A92A16686000F56CCA /* Debug */ = {
			isa = XCBuildConfiguration;
			buildSettings = {
				ALWAYS_EMBED_SWIFT_STANDARD_LIBRARIES = YES;
				CODE_SIGN_STYLE = Automatic;
				CURRENT_PROJECT_VERSION = 1;
				DEVELOPMENT_TEAM = 4PHSLA8XUS;
				GENERATE_INFOPLIST_FILE = YES;
				MARKETING_VERSION = 1.0;
				PRODUCT_BUNDLE_IDENTIFIER = com.myNameIsRuin.CounterUITests;
				PRODUCT_NAME = "$(TARGET_NAME)";
				SWIFT_EMIT_LOC_STRINGS = NO;
				SWIFT_VERSION = 5.0;
				TARGETED_DEVICE_FAMILY = "1,2";
				TEST_TARGET_NAME = Counter;
			};
			name = Debug;
		};
		FD2DB2AA2A16686000F56CCA /* Release */ = {
			isa = XCBuildConfiguration;
			buildSettings = {
				ALWAYS_EMBED_SWIFT_STANDARD_LIBRARIES = YES;
				CODE_SIGN_STYLE = Automatic;
				CURRENT_PROJECT_VERSION = 1;
				DEVELOPMENT_TEAM = 4PHSLA8XUS;
				GENERATE_INFOPLIST_FILE = YES;
				MARKETING_VERSION = 1.0;
				PRODUCT_BUNDLE_IDENTIFIER = com.myNameIsRuin.CounterUITests;
				PRODUCT_NAME = "$(TARGET_NAME)";
				SWIFT_EMIT_LOC_STRINGS = NO;
				SWIFT_VERSION = 5.0;
				TARGETED_DEVICE_FAMILY = "1,2";
				TEST_TARGET_NAME = Counter;
			};
			name = Release;
		};
/* End XCBuildConfiguration section */

/* Begin XCConfigurationList section */
		FD2DB2732A16685F00F56CCA /* Build configuration list for PBXProject "Counter" */ = {
			isa = XCConfigurationList;
			buildConfigurations = (
				FD2DB2A02A16686000F56CCA /* Debug */,
				FD2DB2A12A16686000F56CCA /* Release */,
			);
			defaultConfigurationIsVisible = 0;
			defaultConfigurationName = Release;
		};
		FD2DB2A22A16686000F56CCA /* Build configuration list for PBXNativeTarget "Counter" */ = {
			isa = XCConfigurationList;
			buildConfigurations = (
				FD2DB2A32A16686000F56CCA /* Debug */,
				FD2DB2A42A16686000F56CCA /* Release */,
			);
			defaultConfigurationIsVisible = 0;
			defaultConfigurationName = Release;
		};
		FD2DB2A52A16686000F56CCA /* Build configuration list for PBXNativeTarget "CounterTests" */ = {
			isa = XCConfigurationList;
			buildConfigurations = (
				FD2DB2A62A16686000F56CCA /* Debug */,
				FD2DB2A72A16686000F56CCA /* Release */,
			);
			defaultConfigurationIsVisible = 0;
			defaultConfigurationName = Release;
		};
		FD2DB2A82A16686000F56CCA /* Build configuration list for PBXNativeTarget "CounterUITests" */ = {
			isa = XCConfigurationList;
			buildConfigurations = (
				FD2DB2A92A16686000F56CCA /* Debug */,
				FD2DB2AA2A16686000F56CCA /* Release */,
			);
			defaultConfigurationIsVisible = 0;
			defaultConfigurationName = Release;
		};
/* End XCConfigurationList section */
	};
	rootObject = FD2DB2702A16685F00F56CCA /* Project object */;
}
